// !$*UTF8*$!
{
	archiveVersion = 1;
	classes = {
	};
	objectVersion = 46;
	objects = {

/* Begin PBXBuildFile section */
		BA471A9C1B50A6F6003C1CBA /* DesignButton.swift in Sources */ = {isa = PBXBuildFile; fileRef = BA471A9B1B50A6F6003C1CBA /* DesignButton.swift */; };
		BA839B151B50D62700A7DC64 /* StickerViewCell.swift in Sources */ = {isa = PBXBuildFile; fileRef = BA839B131B50D62700A7DC64 /* StickerViewCell.swift */; };
		BA839B161B50D62700A7DC64 /* StickerViewCell.xib in Resources */ = {isa = PBXBuildFile; fileRef = BA839B141B50D62700A7DC64 /* StickerViewCell.xib */; };
		BA839B191B51C14D00A7DC64 /* FinalizeViewController.swift in Sources */ = {isa = PBXBuildFile; fileRef = BA839B171B51C14D00A7DC64 /* FinalizeViewController.swift */; };
		BA839B1A1B51C14D00A7DC64 /* FinalizeViewController.xib in Resources */ = {isa = PBXBuildFile; fileRef = BA839B181B51C14D00A7DC64 /* FinalizeViewController.xib */; };
		BA839B1C1B51C52C00A7DC64 /* DesignLabel.swift in Sources */ = {isa = PBXBuildFile; fileRef = BA839B1B1B51C52C00A7DC64 /* DesignLabel.swift */; };
		BAC452991B4F16BE000B7F90 /* CameraRollViewCell.swift in Sources */ = {isa = PBXBuildFile; fileRef = BAC452971B4F16BE000B7F90 /* CameraRollViewCell.swift */; };
		BAC4529A1B4F16BE000B7F90 /* CameraRollViewCell.xib in Resources */ = {isa = PBXBuildFile; fileRef = BAC452981B4F16BE000B7F90 /* CameraRollViewCell.xib */; };
		BAC452A11B4F49D0000B7F90 /* StickerViewController.swift in Sources */ = {isa = PBXBuildFile; fileRef = BAC4529F1B4F49D0000B7F90 /* StickerViewController.swift */; };
		BAC452A21B4F49D0000B7F90 /* StickerViewController.xib in Resources */ = {isa = PBXBuildFile; fileRef = BAC452A01B4F49D0000B7F90 /* StickerViewController.xib */; };
		BACBEC6E1B4DA9FC0032C6CB /* AppDelegate.swift in Sources */ = {isa = PBXBuildFile; fileRef = BACBEC6D1B4DA9FC0032C6CB /* AppDelegate.swift */; };
		BACBEC701B4DA9FC0032C6CB /* HomeViewController.swift in Sources */ = {isa = PBXBuildFile; fileRef = BACBEC6F1B4DA9FC0032C6CB /* HomeViewController.swift */; };
		BACBEC751B4DA9FC0032C6CB /* Images.xcassets in Resources */ = {isa = PBXBuildFile; fileRef = BACBEC741B4DA9FC0032C6CB /* Images.xcassets */; };
		BACBEC781B4DA9FC0032C6CB /* LaunchScreen.xib in Resources */ = {isa = PBXBuildFile; fileRef = BACBEC761B4DA9FC0032C6CB /* LaunchScreen.xib */; };
		BACBEC841B4DA9FC0032C6CB /* mashtagTests.swift in Sources */ = {isa = PBXBuildFile; fileRef = BACBEC831B4DA9FC0032C6CB /* mashtagTests.swift */; };
		BACBEC8F1B4DAE500032C6CB /* SwiftColors.swift in Sources */ = {isa = PBXBuildFile; fileRef = BACBEC8E1B4DAE4F0032C6CB /* SwiftColors.swift */; };
		BACBEC921B4DB0110032C6CB /* GradientViewController.swift in Sources */ = {isa = PBXBuildFile; fileRef = BACBEC911B4DB0110032C6CB /* GradientViewController.swift */; };
		BACBEC941B4DDC0C0032C6CB /* HomeViewController.xib in Resources */ = {isa = PBXBuildFile; fileRef = BACBEC931B4DDC0C0032C6CB /* HomeViewController.xib */; };
		BAE065D01B4DEA1800669D6E /* Util.swift in Sources */ = {isa = PBXBuildFile; fileRef = BAE065CF1B4DEA1800669D6E /* Util.swift */; };
		BAE065D51B4DEBAF00669D6E /* bunt-display-light-webfont.ttf in Resources */ = {isa = PBXBuildFile; fileRef = BAE065D11B4DEBAF00669D6E /* bunt-display-light-webfont.ttf */; };
		BAE065D61B4DEBAF00669D6E /* bunt-display-medium-webfont.ttf in Resources */ = {isa = PBXBuildFile; fileRef = BAE065D21B4DEBAF00669D6E /* bunt-display-medium-webfont.ttf */; };
		BAE065D71B4DEBAF00669D6E /* bunt-display-regular-webfont.ttf in Resources */ = {isa = PBXBuildFile; fileRef = BAE065D31B4DEBAF00669D6E /* bunt-display-regular-webfont.ttf */; };
		BAE065D81B4DEBAF00669D6E /* bunt-display-thin-webfont.ttf in Resources */ = {isa = PBXBuildFile; fileRef = BAE065D41B4DEBAF00669D6E /* bunt-display-thin-webfont.ttf */; };
		BAE065DE1B4DF41800669D6E /* FXLabel.m in Sources */ = {isa = PBXBuildFile; fileRef = BAE065DD1B4DF41800669D6E /* FXLabel.m */; };
		BAE065E11B4DFE7500669D6E /* CameraViewController.swift in Sources */ = {isa = PBXBuildFile; fileRef = BAE065E01B4DFE7500669D6E /* CameraViewController.swift */; };
		BAE065E41B4E002800669D6E /* CameraViewController.xib in Resources */ = {isa = PBXBuildFile; fileRef = BAE065E31B4E002800669D6E /* CameraViewController.xib */; };
/* End PBXBuildFile section */

/* Begin PBXContainerItemProxy section */
		BACBEC7E1B4DA9FC0032C6CB /* PBXContainerItemProxy */ = {
			isa = PBXContainerItemProxy;
			containerPortal = BACBEC601B4DA9FC0032C6CB /* Project object */;
			proxyType = 1;
			remoteGlobalIDString = BACBEC671B4DA9FC0032C6CB;
			remoteInfo = mashtag;
		};
/* End PBXContainerItemProxy section */

/* Begin PBXFileReference section */
		BA471A9B1B50A6F6003C1CBA /* DesignButton.swift */ = {isa = PBXFileReference; fileEncoding = 4; lastKnownFileType = sourcecode.swift; path = DesignButton.swift; sourceTree = "<group>"; };
		BA839B131B50D62700A7DC64 /* StickerViewCell.swift */ = {isa = PBXFileReference; fileEncoding = 4; lastKnownFileType = sourcecode.swift; path = StickerViewCell.swift; sourceTree = "<group>"; };
		BA839B141B50D62700A7DC64 /* StickerViewCell.xib */ = {isa = PBXFileReference; fileEncoding = 4; lastKnownFileType = file.xib; path = StickerViewCell.xib; sourceTree = "<group>"; };
		BA839B171B51C14D00A7DC64 /* FinalizeViewController.swift */ = {isa = PBXFileReference; fileEncoding = 4; lastKnownFileType = sourcecode.swift; path = FinalizeViewController.swift; sourceTree = "<group>"; };
		BA839B181B51C14D00A7DC64 /* FinalizeViewController.xib */ = {isa = PBXFileReference; fileEncoding = 4; lastKnownFileType = file.xib; path = FinalizeViewController.xib; sourceTree = "<group>"; };
		BA839B1B1B51C52C00A7DC64 /* DesignLabel.swift */ = {isa = PBXFileReference; fileEncoding = 4; lastKnownFileType = sourcecode.swift; path = DesignLabel.swift; sourceTree = "<group>"; };
		BAC452971B4F16BE000B7F90 /* CameraRollViewCell.swift */ = {isa = PBXFileReference; fileEncoding = 4; lastKnownFileType = sourcecode.swift; path = CameraRollViewCell.swift; sourceTree = "<group>"; };
		BAC452981B4F16BE000B7F90 /* CameraRollViewCell.xib */ = {isa = PBXFileReference; fileEncoding = 4; lastKnownFileType = file.xib; path = CameraRollViewCell.xib; sourceTree = "<group>"; };
		BAC4529F1B4F49D0000B7F90 /* StickerViewController.swift */ = {isa = PBXFileReference; fileEncoding = 4; lastKnownFileType = sourcecode.swift; path = StickerViewController.swift; sourceTree = "<group>"; };
		BAC452A01B4F49D0000B7F90 /* StickerViewController.xib */ = {isa = PBXFileReference; fileEncoding = 4; lastKnownFileType = file.xib; path = StickerViewController.xib; sourceTree = "<group>"; };
		BACBEC681B4DA9FC0032C6CB /* mashtag.app */ = {isa = PBXFileReference; explicitFileType = wrapper.application; includeInIndex = 0; path = mashtag.app; sourceTree = BUILT_PRODUCTS_DIR; };
		BACBEC6C1B4DA9FC0032C6CB /* Info.plist */ = {isa = PBXFileReference; lastKnownFileType = text.plist.xml; path = Info.plist; sourceTree = "<group>"; };
		BACBEC6D1B4DA9FC0032C6CB /* AppDelegate.swift */ = {isa = PBXFileReference; lastKnownFileType = sourcecode.swift; path = AppDelegate.swift; sourceTree = "<group>"; };
		BACBEC6F1B4DA9FC0032C6CB /* HomeViewController.swift */ = {isa = PBXFileReference; lastKnownFileType = sourcecode.swift; path = HomeViewController.swift; sourceTree = "<group>"; };
		BACBEC741B4DA9FC0032C6CB /* Images.xcassets */ = {isa = PBXFileReference; lastKnownFileType = folder.assetcatalog; path = Images.xcassets; sourceTree = "<group>"; };
		BACBEC771B4DA9FC0032C6CB /* Base */ = {isa = PBXFileReference; lastKnownFileType = file.xib; name = Base; path = Base.lproj/LaunchScreen.xib; sourceTree = "<group>"; };
		BACBEC7D1B4DA9FC0032C6CB /* mashtagTests.xctest */ = {isa = PBXFileReference; explicitFileType = wrapper.cfbundle; includeInIndex = 0; path = mashtagTests.xctest; sourceTree = BUILT_PRODUCTS_DIR; };
		BACBEC821B4DA9FC0032C6CB /* Info.plist */ = {isa = PBXFileReference; lastKnownFileType = text.plist.xml; path = Info.plist; sourceTree = "<group>"; };
		BACBEC831B4DA9FC0032C6CB /* mashtagTests.swift */ = {isa = PBXFileReference; lastKnownFileType = sourcecode.swift; path = mashtagTests.swift; sourceTree = "<group>"; };
		BACBEC8E1B4DAE4F0032C6CB /* SwiftColors.swift */ = {isa = PBXFileReference; fileEncoding = 4; lastKnownFileType = sourcecode.swift; path = SwiftColors.swift; sourceTree = "<group>"; };
		BACBEC911B4DB0110032C6CB /* GradientViewController.swift */ = {isa = PBXFileReference; fileEncoding = 4; lastKnownFileType = sourcecode.swift; path = GradientViewController.swift; sourceTree = "<group>"; };
		BACBEC931B4DDC0C0032C6CB /* HomeViewController.xib */ = {isa = PBXFileReference; fileEncoding = 4; lastKnownFileType = file.xib; path = HomeViewController.xib; sourceTree = "<group>"; };
		BAE065CF1B4DEA1800669D6E /* Util.swift */ = {isa = PBXFileReference; fileEncoding = 4; lastKnownFileType = sourcecode.swift; path = Util.swift; sourceTree = "<group>"; };
		BAE065D11B4DEBAF00669D6E /* bunt-display-light-webfont.ttf */ = {isa = PBXFileReference; lastKnownFileType = file; path = "bunt-display-light-webfont.ttf"; sourceTree = "<group>"; };
		BAE065D21B4DEBAF00669D6E /* bunt-display-medium-webfont.ttf */ = {isa = PBXFileReference; lastKnownFileType = file; path = "bunt-display-medium-webfont.ttf"; sourceTree = "<group>"; };
		BAE065D31B4DEBAF00669D6E /* bunt-display-regular-webfont.ttf */ = {isa = PBXFileReference; lastKnownFileType = file; path = "bunt-display-regular-webfont.ttf"; sourceTree = "<group>"; };
		BAE065D41B4DEBAF00669D6E /* bunt-display-thin-webfont.ttf */ = {isa = PBXFileReference; lastKnownFileType = file; path = "bunt-display-thin-webfont.ttf"; sourceTree = "<group>"; };
		BAE065DB1B4DF41700669D6E /* mashtag-Bridging-Header.h */ = {isa = PBXFileReference; lastKnownFileType = sourcecode.c.h; path = "mashtag-Bridging-Header.h"; sourceTree = "<group>"; };
		BAE065DC1B4DF41800669D6E /* FXLabel.h */ = {isa = PBXFileReference; fileEncoding = 4; lastKnownFileType = sourcecode.c.h; path = FXLabel.h; sourceTree = "<group>"; };
		BAE065DD1B4DF41800669D6E /* FXLabel.m */ = {isa = PBXFileReference; fileEncoding = 4; lastKnownFileType = sourcecode.c.objc; path = FXLabel.m; sourceTree = "<group>"; };
		BAE065E01B4DFE7500669D6E /* CameraViewController.swift */ = {isa = PBXFileReference; fileEncoding = 4; lastKnownFileType = sourcecode.swift; path = CameraViewController.swift; sourceTree = "<group>"; };
		BAE065E31B4E002800669D6E /* CameraViewController.xib */ = {isa = PBXFileReference; fileEncoding = 4; lastKnownFileType = file.xib; path = CameraViewController.xib; sourceTree = "<group>"; };
/* End PBXFileReference section */

/* Begin PBXFrameworksBuildPhase section */
		BACBEC651B4DA9FC0032C6CB /* Frameworks */ = {
			isa = PBXFrameworksBuildPhase;
			buildActionMask = 2147483647;
			files = (
			);
			runOnlyForDeploymentPostprocessing = 0;
		};
		BACBEC7A1B4DA9FC0032C6CB /* Frameworks */ = {
			isa = PBXFrameworksBuildPhase;
			buildActionMask = 2147483647;
			files = (
			);
			runOnlyForDeploymentPostprocessing = 0;
		};
/* End PBXFrameworksBuildPhase section */

/* Begin PBXGroup section */
		BACBEC5F1B4DA9FC0032C6CB = {
			isa = PBXGroup;
			children = (
				BACBEC6A1B4DA9FC0032C6CB /* mashtag */,
				BACBEC801B4DA9FC0032C6CB /* mashtagTests */,
				BACBEC691B4DA9FC0032C6CB /* Products */,
			);
			sourceTree = "<group>";
		};
		BACBEC691B4DA9FC0032C6CB /* Products */ = {
			isa = PBXGroup;
			children = (
				BACBEC681B4DA9FC0032C6CB /* mashtag.app */,
				BACBEC7D1B4DA9FC0032C6CB /* mashtagTests.xctest */,
			);
			name = Products;
			sourceTree = "<group>";
		};
		BACBEC6A1B4DA9FC0032C6CB /* mashtag */ = {
			isa = PBXGroup;
			children = (
				BACBEC6D1B4DA9FC0032C6CB /* AppDelegate.swift */,
				BAE065E21B4DFFE100669D6E /* Showstopper */,
				BACBEC901B4DAFE30032C6CB /* Reusable */,
				BACBEC8D1B4DAE340032C6CB /* Util */,
				BAE065DB1B4DF41700669D6E /* mashtag-Bridging-Header.h */,
				BACBEC741B4DA9FC0032C6CB /* Images.xcassets */,
				BACBEC761B4DA9FC0032C6CB /* LaunchScreen.xib */,
				BACBEC6B1B4DA9FC0032C6CB /* Supporting Files */,
			);
			path = mashtag;
			sourceTree = "<group>";
		};
		BACBEC6B1B4DA9FC0032C6CB /* Supporting Files */ = {
			isa = PBXGroup;
			children = (
				BAE065D11B4DEBAF00669D6E /* bunt-display-light-webfont.ttf */,
				BAE065D21B4DEBAF00669D6E /* bunt-display-medium-webfont.ttf */,
				BAE065D31B4DEBAF00669D6E /* bunt-display-regular-webfont.ttf */,
				BAE065D41B4DEBAF00669D6E /* bunt-display-thin-webfont.ttf */,
				BACBEC6C1B4DA9FC0032C6CB /* Info.plist */,
			);
			name = "Supporting Files";
			sourceTree = "<group>";
		};
		BACBEC801B4DA9FC0032C6CB /* mashtagTests */ = {
			isa = PBXGroup;
			children = (
				BACBEC831B4DA9FC0032C6CB /* mashtagTests.swift */,
				BACBEC811B4DA9FC0032C6CB /* Supporting Files */,
			);
			path = mashtagTests;
			sourceTree = "<group>";
		};
		BACBEC811B4DA9FC0032C6CB /* Supporting Files */ = {
			isa = PBXGroup;
			children = (
				BACBEC821B4DA9FC0032C6CB /* Info.plist */,
			);
			name = "Supporting Files";
			sourceTree = "<group>";
		};
		BACBEC8D1B4DAE340032C6CB /* Util */ = {
			isa = PBXGroup;
			children = (
				BACBEC8E1B4DAE4F0032C6CB /* SwiftColors.swift */,
				BAE065CF1B4DEA1800669D6E /* Util.swift */,
			);
			name = Util;
			sourceTree = "<group>";
		};
		BACBEC901B4DAFE30032C6CB /* Reusable */ = {
			isa = PBXGroup;
			children = (
				BAE065DC1B4DF41800669D6E /* FXLabel.h */,
				BAE065DD1B4DF41800669D6E /* FXLabel.m */,
				BA839B1B1B51C52C00A7DC64 /* DesignLabel.swift */,
				BA471A9B1B50A6F6003C1CBA /* DesignButton.swift */,
				BACBEC911B4DB0110032C6CB /* GradientViewController.swift */,
				BAC452971B4F16BE000B7F90 /* CameraRollViewCell.swift */,
				BAC452981B4F16BE000B7F90 /* CameraRollViewCell.xib */,
				BA839B131B50D62700A7DC64 /* StickerViewCell.swift */,
				BA839B141B50D62700A7DC64 /* StickerViewCell.xib */,
			);
			name = Reusable;
			sourceTree = "<group>";
		};
		BAE065E21B4DFFE100669D6E /* Showstopper */ = {
			isa = PBXGroup;
			children = (
				BACBEC6F1B4DA9FC0032C6CB /* HomeViewController.swift */,
				BACBEC931B4DDC0C0032C6CB /* HomeViewController.xib */,
				BAE065E01B4DFE7500669D6E /* CameraViewController.swift */,
				BAE065E31B4E002800669D6E /* CameraViewController.xib */,
				BAC4529F1B4F49D0000B7F90 /* StickerViewController.swift */,
				BAC452A01B4F49D0000B7F90 /* StickerViewController.xib */,
				BA839B171B51C14D00A7DC64 /* FinalizeViewController.swift */,
				BA839B181B51C14D00A7DC64 /* FinalizeViewController.xib */,
			);
			name = Showstopper;
			sourceTree = "<group>";
		};
/* End PBXGroup section */

/* Begin PBXNativeTarget section */
		BACBEC671B4DA9FC0032C6CB /* mashtag */ = {
			isa = PBXNativeTarget;
			buildConfigurationList = BACBEC871B4DA9FC0032C6CB /* Build configuration list for PBXNativeTarget "mashtag" */;
			buildPhases = (
				BACBEC641B4DA9FC0032C6CB /* Sources */,
				BACBEC651B4DA9FC0032C6CB /* Frameworks */,
				BACBEC661B4DA9FC0032C6CB /* Resources */,
			);
			buildRules = (
			);
			dependencies = (
			);
			name = mashtag;
			productName = mashtag;
			productReference = BACBEC681B4DA9FC0032C6CB /* mashtag.app */;
			productType = "com.apple.product-type.application";
		};
		BACBEC7C1B4DA9FC0032C6CB /* mashtagTests */ = {
			isa = PBXNativeTarget;
			buildConfigurationList = BACBEC8A1B4DA9FC0032C6CB /* Build configuration list for PBXNativeTarget "mashtagTests" */;
			buildPhases = (
				BACBEC791B4DA9FC0032C6CB /* Sources */,
				BACBEC7A1B4DA9FC0032C6CB /* Frameworks */,
				BACBEC7B1B4DA9FC0032C6CB /* Resources */,
			);
			buildRules = (
			);
			dependencies = (
				BACBEC7F1B4DA9FC0032C6CB /* PBXTargetDependency */,
			);
			name = mashtagTests;
			productName = mashtagTests;
			productReference = BACBEC7D1B4DA9FC0032C6CB /* mashtagTests.xctest */;
			productType = "com.apple.product-type.bundle.unit-test";
		};
/* End PBXNativeTarget section */

/* Begin PBXProject section */
		BACBEC601B4DA9FC0032C6CB /* Project object */ = {
			isa = PBXProject;
			attributes = {
				LastUpgradeCheck = 0640;
				ORGANIZATIONNAME = Fiftyawoe;
				TargetAttributes = {
					BACBEC671B4DA9FC0032C6CB = {
						CreatedOnToolsVersion = 6.4;
					};
					BACBEC7C1B4DA9FC0032C6CB = {
						CreatedOnToolsVersion = 6.4;
						TestTargetID = BACBEC671B4DA9FC0032C6CB;
					};
				};
			};
			buildConfigurationList = BACBEC631B4DA9FC0032C6CB /* Build configuration list for PBXProject "mashtag" */;
			compatibilityVersion = "Xcode 3.2";
			developmentRegion = English;
			hasScannedForEncodings = 0;
			knownRegions = (
				en,
				Base,
			);
			mainGroup = BACBEC5F1B4DA9FC0032C6CB;
			productRefGroup = BACBEC691B4DA9FC0032C6CB /* Products */;
			projectDirPath = "";
			projectRoot = "";
			targets = (
				BACBEC671B4DA9FC0032C6CB /* mashtag */,
				BACBEC7C1B4DA9FC0032C6CB /* mashtagTests */,
			);
		};
/* End PBXProject section */

/* Begin PBXResourcesBuildPhase section */
		BACBEC661B4DA9FC0032C6CB /* Resources */ = {
			isa = PBXResourcesBuildPhase;
			buildActionMask = 2147483647;
			files = (
				BAE065D61B4DEBAF00669D6E /* bunt-display-medium-webfont.ttf in Resources */,
				BAE065E41B4E002800669D6E /* CameraViewController.xib in Resources */,
				BAE065D81B4DEBAF00669D6E /* bunt-display-thin-webfont.ttf in Resources */,
				BAC4529A1B4F16BE000B7F90 /* CameraRollViewCell.xib in Resources */,
				BACBEC781B4DA9FC0032C6CB /* LaunchScreen.xib in Resources */,
				BAE065D51B4DEBAF00669D6E /* bunt-display-light-webfont.ttf in Resources */,
				BACBEC751B4DA9FC0032C6CB /* Images.xcassets in Resources */,
				BAE065D71B4DEBAF00669D6E /* bunt-display-regular-webfont.ttf in Resources */,
				BA839B1A1B51C14D00A7DC64 /* FinalizeViewController.xib in Resources */,
				BAC452A21B4F49D0000B7F90 /* StickerViewController.xib in Resources */,
				BA839B161B50D62700A7DC64 /* StickerViewCell.xib in Resources */,
				BACBEC941B4DDC0C0032C6CB /* HomeViewController.xib in Resources */,
			);
			runOnlyForDeploymentPostprocessing = 0;
		};
		BACBEC7B1B4DA9FC0032C6CB /* Resources */ = {
			isa = PBXResourcesBuildPhase;
			buildActionMask = 2147483647;
			files = (
			);
			runOnlyForDeploymentPostprocessing = 0;
		};
/* End PBXResourcesBuildPhase section */

/* Begin PBXSourcesBuildPhase section */
		BACBEC641B4DA9FC0032C6CB /* Sources */ = {
			isa = PBXSourcesBuildPhase;
			buildActionMask = 2147483647;
			files = (
				BA839B151B50D62700A7DC64 /* StickerViewCell.swift in Sources */,
				BAC452A11B4F49D0000B7F90 /* StickerViewController.swift in Sources */,
				BAE065DE1B4DF41800669D6E /* FXLabel.m in Sources */,
				BACBEC701B4DA9FC0032C6CB /* HomeViewController.swift in Sources */,
				BA839B191B51C14D00A7DC64 /* FinalizeViewController.swift in Sources */,
				BA471A9C1B50A6F6003C1CBA /* DesignButton.swift in Sources */,
				BACBEC921B4DB0110032C6CB /* GradientViewController.swift in Sources */,
				BAE065D01B4DEA1800669D6E /* Util.swift in Sources */,
				BA839B1C1B51C52C00A7DC64 /* DesignLabel.swift in Sources */,
				BAC452991B4F16BE000B7F90 /* CameraRollViewCell.swift in Sources */,
				BAE065E11B4DFE7500669D6E /* CameraViewController.swift in Sources */,
				BACBEC6E1B4DA9FC0032C6CB /* AppDelegate.swift in Sources */,
				BACBEC8F1B4DAE500032C6CB /* SwiftColors.swift in Sources */,
			);
			runOnlyForDeploymentPostprocessing = 0;
		};
		BACBEC791B4DA9FC0032C6CB /* Sources */ = {
			isa = PBXSourcesBuildPhase;
			buildActionMask = 2147483647;
			files = (
				BACBEC841B4DA9FC0032C6CB /* mashtagTests.swift in Sources */,
			);
			runOnlyForDeploymentPostprocessing = 0;
		};
/* End PBXSourcesBuildPhase section */

/* Begin PBXTargetDependency section */
		BACBEC7F1B4DA9FC0032C6CB /* PBXTargetDependency */ = {
			isa = PBXTargetDependency;
			target = BACBEC671B4DA9FC0032C6CB /* mashtag */;
			targetProxy = BACBEC7E1B4DA9FC0032C6CB /* PBXContainerItemProxy */;
		};
/* End PBXTargetDependency section */

/* Begin PBXVariantGroup section */
		BACBEC761B4DA9FC0032C6CB /* LaunchScreen.xib */ = {
			isa = PBXVariantGroup;
			children = (
				BACBEC771B4DA9FC0032C6CB /* Base */,
			);
			name = LaunchScreen.xib;
			sourceTree = "<group>";
		};
/* End PBXVariantGroup section */

/* Begin XCBuildConfiguration section */
		BACBEC851B4DA9FC0032C6CB /* Debug */ = {
			isa = XCBuildConfiguration;
			buildSettings = {
				ALWAYS_SEARCH_USER_PATHS = NO;
				CLANG_CXX_LANGUAGE_STANDARD = "gnu++0x";
				CLANG_CXX_LIBRARY = "libc++";
				CLANG_ENABLE_MODULES = YES;
				CLANG_ENABLE_OBJC_ARC = YES;
				CLANG_WARN_BOOL_CONVERSION = YES;
				CLANG_WARN_CONSTANT_CONVERSION = YES;
				CLANG_WARN_DIRECT_OBJC_ISA_USAGE = YES_ERROR;
				CLANG_WARN_EMPTY_BODY = YES;
				CLANG_WARN_ENUM_CONVERSION = YES;
				CLANG_WARN_INT_CONVERSION = YES;
				CLANG_WARN_OBJC_ROOT_CLASS = YES_ERROR;
				CLANG_WARN_UNREACHABLE_CODE = YES;
				CLANG_WARN__DUPLICATE_METHOD_MATCH = YES;
				"CODE_SIGN_IDENTITY[sdk=iphoneos*]" = "iPhone Developer";
				COPY_PHASE_STRIP = NO;
				DEBUG_INFORMATION_FORMAT = "dwarf-with-dsym";
				ENABLE_STRICT_OBJC_MSGSEND = YES;
				GCC_C_LANGUAGE_STANDARD = gnu99;
				GCC_DYNAMIC_NO_PIC = NO;
				GCC_NO_COMMON_BLOCKS = YES;
				GCC_OPTIMIZATION_LEVEL = 0;
				GCC_PREPROCESSOR_DEFINITIONS = (
					"DEBUG=1",
					"$(inherited)",
				);
				GCC_SYMBOLS_PRIVATE_EXTERN = NO;
				GCC_WARN_64_TO_32_BIT_CONVERSION = YES;
				GCC_WARN_ABOUT_RETURN_TYPE = YES_ERROR;
				GCC_WARN_UNDECLARED_SELECTOR = YES;
				GCC_WARN_UNINITIALIZED_AUTOS = YES_AGGRESSIVE;
				GCC_WARN_UNUSED_FUNCTION = YES;
				GCC_WARN_UNUSED_VARIABLE = YES;
				IPHONEOS_DEPLOYMENT_TARGET = 8.4;
				MTL_ENABLE_DEBUG_INFO = YES;
				ONLY_ACTIVE_ARCH = YES;
				SDKROOT = iphoneos;
				SWIFT_OPTIMIZATION_LEVEL = "-Onone";
			};
			name = Debug;
		};
		BACBEC861B4DA9FC0032C6CB /* Release */ = {
			isa = XCBuildConfiguration;
			buildSettings = {
				ALWAYS_SEARCH_USER_PATHS = NO;
				CLANG_CXX_LANGUAGE_STANDARD = "gnu++0x";
				CLANG_CXX_LIBRARY = "libc++";
				CLANG_ENABLE_MODULES = YES;
				CLANG_ENABLE_OBJC_ARC = YES;
				CLANG_WARN_BOOL_CONVERSION = YES;
				CLANG_WARN_CONSTANT_CONVERSION = YES;
				CLANG_WARN_DIRECT_OBJC_ISA_USAGE = YES_ERROR;
				CLANG_WARN_EMPTY_BODY = YES;
				CLANG_WARN_ENUM_CONVERSION = YES;
				CLANG_WARN_INT_CONVERSION = YES;
				CLANG_WARN_OBJC_ROOT_CLASS = YES_ERROR;
				CLANG_WARN_UNREACHABLE_CODE = YES;
				CLANG_WARN__DUPLICATE_METHOD_MATCH = YES;
				"CODE_SIGN_IDENTITY[sdk=iphoneos*]" = "iPhone Developer";
				COPY_PHASE_STRIP = NO;
				DEBUG_INFORMATION_FORMAT = "dwarf-with-dsym";
				ENABLE_NS_ASSERTIONS = NO;
				ENABLE_STRICT_OBJC_MSGSEND = YES;
				GCC_C_LANGUAGE_STANDARD = gnu99;
				GCC_NO_COMMON_BLOCKS = YES;
				GCC_WARN_64_TO_32_BIT_CONVERSION = YES;
				GCC_WARN_ABOUT_RETURN_TYPE = YES_ERROR;
				GCC_WARN_UNDECLARED_SELECTOR = YES;
				GCC_WARN_UNINITIALIZED_AUTOS = YES_AGGRESSIVE;
				GCC_WARN_UNUSED_FUNCTION = YES;
				GCC_WARN_UNUSED_VARIABLE = YES;
				IPHONEOS_DEPLOYMENT_TARGET = 8.4;
				MTL_ENABLE_DEBUG_INFO = NO;
				SDKROOT = iphoneos;
				VALIDATE_PRODUCT = YES;
			};
			name = Release;
		};
		BACBEC881B4DA9FC0032C6CB /* Debug */ = {
			isa = XCBuildConfiguration;
			buildSettings = {
				ASSETCATALOG_COMPILER_APPICON_NAME = AppIcon;
				CLANG_ENABLE_MODULES = YES;
				INFOPLIST_FILE = mashtag/Info.plist;
				LD_RUNPATH_SEARCH_PATHS = "$(inherited) @executable_path/Frameworks";
				PRODUCT_NAME = "$(TARGET_NAME)";
				SWIFT_OBJC_BRIDGING_HEADER = "mashtag/mashtag-Bridging-Header.h";
				SWIFT_OPTIMIZATION_LEVEL = "-Onone";
			};
			name = Debug;
		};
		BACBEC891B4DA9FC0032C6CB /* Release */ = {
			isa = XCBuildConfiguration;
			buildSettings = {
				ASSETCATALOG_COMPILER_APPICON_NAME = AppIcon;
				CLANG_ENABLE_MODULES = YES;
				INFOPLIST_FILE = mashtag/Info.plist;
				LD_RUNPATH_SEARCH_PATHS = "$(inherited) @executable_path/Frameworks";
				PRODUCT_NAME = "$(TARGET_NAME)";
				SWIFT_OBJC_BRIDGING_HEADER = "mashtag/mashtag-Bridging-Header.h";
			};
			name = Release;
		};
		BACBEC8B1B4DA9FC0032C6CB /* Debug */ = {
			isa = XCBuildConfiguration;
			buildSettings = {
				BUNDLE_LOADER = "$(TEST_HOST)";
				FRAMEWORK_SEARCH_PATHS = (
					"$(SDKROOT)/Developer/Library/Frameworks",
					"$(inherited)",
				);
				GCC_PREPROCESSOR_DEFINITIONS = (
					"DEBUG=1",
					"$(inherited)",
				);
				INFOPLIST_FILE = mashtagTests/Info.plist;
				LD_RUNPATH_SEARCH_PATHS = "$(inherited) @executable_path/Frameworks @loader_path/Frameworks";
				PRODUCT_NAME = "$(TARGET_NAME)";
				TEST_HOST = "$(BUILT_PRODUCTS_DIR)/mashtag.app/mashtag";
			};
			name = Debug;
		};
		BACBEC8C1B4DA9FC0032C6CB /* Release */ = {
			isa = XCBuildConfiguration;
			buildSettings = {
				BUNDLE_LOADER = "$(TEST_HOST)";
				FRAMEWORK_SEARCH_PATHS = (
					"$(SDKROOT)/Developer/Library/Frameworks",
					"$(inherited)",
				);
				INFOPLIST_FILE = mashtagTests/Info.plist;
				LD_RUNPATH_SEARCH_PATHS = "$(inherited) @executable_path/Frameworks @loader_path/Frameworks";
				PRODUCT_NAME = "$(TARGET_NAME)";
				TEST_HOST = "$(BUILT_PRODUCTS_DIR)/mashtag.app/mashtag";
			};
			name = Release;
		};
/* End XCBuildConfiguration section */

/* Begin XCConfigurationList section */
		BACBEC631B4DA9FC0032C6CB /* Build configuration list for PBXProject "mashtag" */ = {
			isa = XCConfigurationList;
			buildConfigurations = (
				BACBEC851B4DA9FC0032C6CB /* Debug */,
				BACBEC861B4DA9FC0032C6CB /* Release */,
			);
			defaultConfigurationIsVisible = 0;
			defaultConfigurationName = Release;
		};
		BACBEC871B4DA9FC0032C6CB /* Build configuration list for PBXNativeTarget "mashtag" */ = {
			isa = XCConfigurationList;
			buildConfigurations = (
				BACBEC881B4DA9FC0032C6CB /* Debug */,
				BACBEC891B4DA9FC0032C6CB /* Release */,
			);
			defaultConfigurationIsVisible = 0;
			defaultConfigurationName = Release;
		};
		BACBEC8A1B4DA9FC0032C6CB /* Build configuration list for PBXNativeTarget "mashtagTests" */ = {
			isa = XCConfigurationList;
			buildConfigurations = (
				BACBEC8B1B4DA9FC0032C6CB /* Debug */,
				BACBEC8C1B4DA9FC0032C6CB /* Release */,
			);
			defaultConfigurationIsVisible = 0;
			defaultConfigurationName = Release;
		};
/* End XCConfigurationList section */
	};
	rootObject = BACBEC601B4DA9FC0032C6CB /* Project object */;
}
